// !$*UTF8*$!
{
	archiveVersion = 1;
	classes = {
	};
	objectVersion = 46;
	objects = {

/* Begin PBXBuildFile section */
		A78664A61F57C69900429C03 /* Cook.m in Sources */ = {isa = PBXBuildFile; fileRef = A78664A51F57C69900429C03 /* Cook.m */; };
		A78664CF1F57CD6900429C03 /* FoodTruck.m in Sources */ = {isa = PBXBuildFile; fileRef = A78664CD1F57CD6900429C03 /* FoodTruck.m */; };
		A78664D01F57CD6900429C03 /* main.m in Sources */ = {isa = PBXBuildFile; fileRef = A78664CE1F57CD6900429C03 /* main.m */; };
/* End PBXBuildFile section */

/* Begin PBXCopyFilesBuildPhase section */
		A78664981F57C68B00429C03 /* CopyFiles */ = {
			isa = PBXCopyFilesBuildPhase;
			buildActionMask = 2147483647;
			dstPath = /usr/share/man/man1/;
			dstSubfolderSpec = 0;
			files = (
			);
			runOnlyForDeploymentPostprocessing = 1;
		};
/* End PBXCopyFilesBuildPhase section */

/* Begin PBXFileReference section */
		A786649A1F57C68B00429C03 /* Assignment9 */ = {isa = PBXFileReference; explicitFileType = "compiled.mach-o.executable"; includeInIndex = 0; path = Assignment9; sourceTree = BUILT_PRODUCTS_DIR; };
		A78664A41F57C69900429C03 /* Cook.h */ = {isa = PBXFileReference; fileEncoding = 4; lastKnownFileType = sourcecode.c.h; path = Cook.h; sourceTree = "<group>"; };
		A78664A51F57C69900429C03 /* Cook.m */ = {isa = PBXFileReference; fileEncoding = 4; lastKnownFileType = sourcecode.c.objc; path = Cook.m; sourceTree = "<group>"; };
		A78664CC1F57CD6900429C03 /* FoodTruck.h */ = {isa = PBXFileReference; fileEncoding = 4; lastKnownFileType = sourcecode.c.h; path = FoodTruck.h; sourceTree = "<group>"; };
		A78664CD1F57CD6900429C03 /* FoodTruck.m */ = {isa = PBXFileReference; fileEncoding = 4; lastKnownFileType = sourcecode.c.objc; path = FoodTruck.m; sourceTree = "<group>"; };
		A78664CE1F57CD6900429C03 /* main.m */ = {isa = PBXFileReference; fileEncoding = 4; lastKnownFileType = sourcecode.c.objc; path = main.m; sourceTree = "<group>"; };
/* End PBXFileReference section */

/* Begin PBXFrameworksBuildPhase section */
		A78664971F57C68B00429C03 /* Frameworks */ = {
			isa = PBXFrameworksBuildPhase;
			buildActionMask = 2147483647;
			files = (
			);
			runOnlyForDeploymentPostprocessing = 0;
		};
/* End PBXFrameworksBuildPhase section */

/* Begin PBXGroup section */
		A78664911F57C68B00429C03 = {
			isa = PBXGroup;
			children = (
				A786649C1F57C68B00429C03 /* Assignment9 */,
				A786649B1F57C68B00429C03 /* Products */,
			);
			sourceTree = "<group>";
		};
		A786649B1F57C68B00429C03 /* Products */ = {
			isa = PBXGroup;
			children = (
				A786649A1F57C68B00429C03 /* Assignment9 */,
			);
			name = Products;
			sourceTree = "<group>";
		};
		A786649C1F57C68B00429C03 /* Assignment9 */ = {
			isa = PBXGroup;
			children = (
				A78664CC1F57CD6900429C03 /* FoodTruck.h */,
				A78664CD1F57CD6900429C03 /* FoodTruck.m */,
				A78664CE1F57CD6900429C03 /* main.m */,
				A78664A41F57C69900429C03 /* Cook.h */,
				A78664A51F57C69900429C03 /* Cook.m */,
			);
			path = Assignment9;
			sourceTree = "<group>";
		};
/* End PBXGroup section */

/* Begin PBXNativeTarget section */
		A78664991F57C68B00429C03 /* Assignment9 */ = {
			isa = PBXNativeTarget;
			buildConfigurationList = A78664A11F57C68B00429C03 /* Build configuration list for PBXNativeTarget "Assignment9" */;
			buildPhases = (
				A78664961F57C68B00429C03 /* Sources */,
				A78664971F57C68B00429C03 /* Frameworks */,
				A78664981F57C68B00429C03 /* CopyFiles */,
			);
			buildRules = (
			);
			dependencies = (
			);
			name = Assignment9;
			productName = Assignment9;
			productReference = A786649A1F57C68B00429C03 /* Assignment9 */;
			productType = "com.apple.product-type.tool";
		};
/* End PBXNativeTarget section */

/* Begin PBXProject section */
		A78664921F57C68B00429C03 /* Project object */ = {
			isa = PBXProject;
			attributes = {
				LastUpgradeCheck = 0820;
				ORGANIZATIONNAME = Maddy;
				TargetAttributes = {
					A78664991F57C68B00429C03 = {
						CreatedOnToolsVersion = 8.2.1;
						ProvisioningStyle = Automatic;
					};
				};
			};
			buildConfigurationList = A78664951F57C68B00429C03 /* Build configuration list for PBXProject "Assignment9" */;
			compatibilityVersion = "Xcode 3.2";
			developmentRegion = English;
			hasScannedForEncodings = 0;
			knownRegions = (
				en,
			);
			mainGroup = A78664911F57C68B00429C03;
			productRefGroup = A786649B1F57C68B00429C03 /* Products */;
			projectDirPath = "";
			projectRoot = "";
			targets = (
				A78664991F57C68B00429C03 /* Assignment9 */,
			);
		};
/* End PBXProject section */

/* Begin PBXSourcesBuildPhase section */
		A78664961F57C68B00429C03 /* Sources */ = {
			isa = PBXSourcesBuildPhase;
			buildActionMask = 2147483647;
			files = (
				A78664A61F57C69900429C03 /* Cook.m in Sources */,
				A78664D01F57CD6900429C03 /* main.m in Sources */,
				A78664CF1F57CD6900429C03 /* FoodTruck.m in Sources */,
			);
			runOnlyForDeploymentPostprocessing = 0;
		};
/* End PBXSourcesBuildPhase section */

/* Begin XCBuildConfiguration section */
		A786649F1F57C68B00429C03 /* Debug */ = {
			isa = XCBuildConfiguration;
			buildSettings = {
				ALWAYS_SEARCH_USER_PATHS = NO;
				CLANG_ANALYZER_NONNULL = YES;
				CLANG_CXX_LANGUAGE_STANDARD = "gnu++0x";
				CLANG_CXX_LIBRARY = "libc++";
				CLANG_ENABLE_MODULES = YES;
				CLANG_ENABLE_OBJC_ARC = YES;
				CLANG_WARN_BOOL_CONVERSION = YES;
				CLANG_WARN_CONSTANT_CONVERSION = YES;
				CLANG_WARN_DIRECT_OBJC_ISA_USAGE = YES_ERROR;
				CLANG_WARN_DOCUMENTATION_COMMENTS = YES;
				CLANG_WARN_EMPTY_BODY = YES;
				CLANG_WARN_ENUM_CONVERSION = YES;
				CLANG_WARN_INFINITE_RECURSION = YES;
				CLANG_WARN_INT_CONVERSION = YES;
				CLANG_WARN_OBJC_ROOT_CLASS = YES_ERROR;
				CLANG_WARN_SUSPICIOUS_MOVE = YES;
				CLANG_WARN_UNREACHABLE_CODE = YES;
				CLANG_WARN__DUPLICATE_METHOD_MATCH = YES;
				CODE_SIGN_IDENTITY = "-";
				COPY_PHASE_STRIP = NO;
				DEBUG_INFORMATION_FORMAT = dwarf;
				ENABLE_STRICT_OBJC_MSGSEND = YES;
				ENABLE_TESTABILITY = YES;
				GCC_C_LANGUAGE_STANDARD = gnu99;
				GCC_DYNAMIC_NO_PIC = NO;
				GCC_NO_COMMON_BLOCKS = YES;
				GCC_OPTIMIZATION_LEVEL = 0;
				GCC_PREPROCESSOR_DEFINITIONS = (
					"DEBUG=1",
					"$(inherited)",
				);
				GCC_WARN_64_TO_32_BIT_CONVERSION = YES;
				GCC_WARN_ABOUT_RETURN_TYPE = YES_ERROR;
				GCC_WARN_UNDECLARED_SELECTOR = YES;
				GCC_WARN_UNINITIALIZED_AUTOS = YES_AGGRESSIVE;
				GCC_WARN_UNUSED_FUNCTION = YES;
				GCC_WARN_UNUSED_VARIABLE = YES;
				MACOSX_DEPLOYMENT_TARGET = 10.11;
				MTL_ENABLE_DEBUG_INFO = YES;
				ONLY_ACTIVE_ARCH = YES;
				SDKROOT = macosx;
			};
			name = Debug;
		};
		A78664A01F57C68B00429C03 /* Release */ = {
			isa = XCBuildConfiguration;
			buildSettings = {
				ALWAYS_SEARCH_USER_PATHS = NO;
				CLANG_ANALYZER_NONNULL = YES;
				CLANG_CXX_LANGUAGE_STANDARD = "gnu++0x";
				CLANG_CXX_LIBRARY = "libc++";
				CLANG_ENABLE_MODULES = YES;
				CLANG_ENABLE_OBJC_ARC = YES;
				CLANG_WARN_BOOL_CONVERSION = YES;
				CLANG_WARN_CONSTANT_CONVERSION = YES;
				CLANG_WARN_DIRECT_OBJC_ISA_USAGE = YES_ERROR;
				CLANG_WARN_DOCUMENTATION_COMMENTS = YES;
				CLANG_WARN_EMPTY_BODY = YES;
				CLANG_WARN_ENUM_CONVERSION = YES;
				CLANG_WARN_INFINITE_RECURSION = YES;
				CLANG_WARN_INT_CONVERSION = YES;
				CLANG_WARN_OBJC_ROOT_CLASS = YES_ERROR;
				CLANG_WARN_SUSPICIOUS_MOVE = YES;
				CLANG_WARN_UNREACHABLE_CODE = YES;
				CLANG_WARN__DUPLICATE_METHOD_MATCH = YES;
				CODE_SIGN_IDENTITY = "-";
				COPY_PHASE_STRIP = NO;
				DEBUG_INFORMATION_FORMAT = "dwarf-with-dsym";
				ENABLE_NS_ASSERTIONS = NO;
				ENABLE_STRICT_OBJC_MSGSEND = YES;
				GCC_C_LANGUAGE_STANDARD = gnu99;
				GCC_NO_COMMON_BLOCKS = YES;
				GCC_WARN_64_TO_32_BIT_CONVERSION = YES;
				GCC_WARN_ABOUT_RETURN_TYPE = YES_ERROR;
				GCC_WARN_UNDECLARED_SELECTOR = YES;
				GCC_WARN_UNINITIALIZED_AUTOS = YES_AGGRESSIVE;
				GCC_WARN_UNUSED_FUNCTION = YES;
				GCC_WARN_UNUSED_VARIABLE = YES;
				MACOSX_DEPLOYMENT_TARGET = 10.11;
				MTL_ENABLE_DEBUG_INFO = NO;
				SDKROOT = macosx;
			};
			name = Release;
		};
		A78664A21F57C68B00429C03 /* Debug */ = {
			isa = XCBuildConfiguration;
			buildSettings = {
				PRODUCT_NAME = "$(TARGET_NAME)";
			};
			name = Debug;
		};
		A78664A31F57C68B00429C03 /* Release */ = {
			isa = XCBuildConfiguration;
			buildSettings = {
				PRODUCT_NAME = "$(TARGET_NAME)";
			};
			name = Release;
		};
/* End XCBuildConfiguration section */

/* Begin XCConfigurationList section */
		A78664951F57C68B00429C03 /* Build configuration list for PBXProject "Assignment9" */ = {
			isa = XCConfigurationList;
			buildConfigurations = (
				A786649F1F57C68B00429C03 /* Debug */,
				A78664A01F57C68B00429C03 /* Release */,
			);
			defaultConfigurationIsVisible = 0;
			defaultConfigurationName = Release;
		};
		A78664A11F57C68B00429C03 /* Build configuration list for PBXNativeTarget "Assignment9" */ = {
			isa = XCConfigurationList;
			buildConfigurations = (
				A78664A21F57C68B00429C03 /* Debug */,
				A78664A31F57C68B00429C03 /* Release */,
			);
			defaultConfigurationIsVisible = 0;
			defaultConfigurationName = Release;
		};
/* End XCConfigurationList section */
	};
	rootObject = A78664921F57C68B00429C03 /* Project object */;
}
